
Microsoft Visual Studio Solution File, Format Version 12.00
# Visual Studio 15
VisualStudioVersion = 15.0.28307.705
MinimumVisualStudioVersion = 10.0.40219.1
Project("{FAE04EC0-301F-11D3-BF4B-00C04F79EFBC}") = "AgendaTelefonica", "AgendaTelefonica\AgendaTelefonica.csproj", "{642710B2-ACFF-4FCE-B427-749DC0592C27}"
EndProject
Global
	GlobalSection(SolutionConfigurationPlatforms) = preSolution
		Debug|Any CPU = Debug|Any CPU
		Release|Any CPU = Release|Any CPU
	EndGlobalSection
	GlobalSection(ProjectConfigurationPlatforms) = postSolution
		{642710B2-ACFF-4FCE-B427-749DC0592C27}.Debug|Any CPU.ActiveCfg = Debug|Any CPU
		{642710B2-ACFF-4FCE-B427-749DC0592C27}.Debug|Any CPU.Build.0 = Debug|Any CPU
		{642710B2-ACFF-4FCE-B427-749DC0592C27}.Release|Any CPU.ActiveCfg = Release|Any CPU
		{642710B2-ACFF-4FCE-B427-749DC0592C27}.Release|Any CPU.Build.0 = Release|Any CPU
	EndGlobalSection
	GlobalSection(SolutionProperties) = preSolution
		HideSolutionNode = FALSE
	EndGlobalSection
	GlobalSection(ExtensibilityGlobals) = postSolution
		SolutionGuid = {F1F39DFC-593D-42FD-B2EF-AA2627D34C52}
	EndGlobalSection
EndGlobal
